{
  "name": "blog",
  "version": "0.0.0",
  "lockfileVersion": 3,
  "requires": true,
  "packages": {
    "": {
      "name": "blog",
      "version": "0.0.0",
      "dependencies": {
        "body-parser": "~1.13.2",
        "cookie-parser": "~1.3.5",
        "debug": "~2.2.0",
        "ejs": "~2.3.3",
        "express": "~4.13.1",
        "moment": "^2.29.4",
        "morgan": "~1.6.1",
        "node-localstorage": "^3.0.5",
        "orm": "^8.0.0",
        "serve-favicon": "~2.3.0"
      }
    },
    "node_modules/async": {
      "version": "3.2.4",
      "resolved": "https://r.cnpmjs.org/async/-/async-3.2.4.tgz",
      "integrity": "sha512-iAB+JbDEGXhyIUavoDl9WP/Jj106Kz9DEn1DPgYw5ruDn0e3Wgi3sKFm55sASdGBNOQB8F59d9qQ7deqrHA8wQ=="
    },
    "node_modules/bluebird": {
      "version": "3.5.1",
      "resolved": "https://r2.cnpmjs.org/bluebird/-/bluebird-3.5.1.tgz",
      "integrity": "sha512-MKiLiV+I1AA596t9w1sQJ8jkiSr5+ZKi0WKrYGUn6d1Fx+Ij4tIj+m2WMQSGczs5jZVxV339chE8iwk6F64wjA=="
    },
    "node_modules/body-parser": {
      "version": "1.13.3",
      "license": "MIT",
      "dependencies": {
        "bytes": "2.1.0",
        "content-type": "~1.0.1",
        "debug": "~2.2.0",
        "depd": "~1.0.1",
        "http-errors": "~1.3.1",
        "iconv-lite": "0.4.11",
        "on-finished": "~2.3.0",
        "qs": "4.0.0",
        "raw-body": "~2.1.2",
        "type-is": "~1.6.6"
      },
      "engines": {
        "node": ">= 0.8"
      }
    },
    "node_modules/body-parser/node_modules/bytes": {
      "version": "2.1.0",
      "license": "MIT"
    },
    "node_modules/body-parser/node_modules/content-type": {
      "version": "1.0.1",
      "license": "MIT",
      "engines": {
        "node": ">= 0.6"
      }
    },
    "node_modules/body-parser/node_modules/depd": {
      "version": "1.0.1",
      "license": "MIT",
      "engines": {
        "node": ">= 0.6"
      }
    },
    "node_modules/body-parser/node_modules/http-errors": {
      "version": "1.3.1",
      "license": "MIT",
      "dependencies": {
        "inherits": "~2.0.1",
        "statuses": "1"
      },
      "engines": {
        "node": ">= 0.6"
      }
    },
    "node_modules/body-parser/node_modules/http-errors/node_modules/inherits": {
      "version": "2.0.1",
      "license": "ISC"
    },
    "node_modules/body-parser/node_modules/http-errors/node_modules/statuses": {
      "version": "1.2.1",
      "license": "MIT"
    },
    "node_modules/body-parser/node_modules/iconv-lite": {
      "version": "0.4.11",
      "license": "MIT",
      "engines": {
        "node": ">=0.8.0"
      }
    },
    "node_modules/body-parser/node_modules/on-finished": {
      "version": "2.3.0",
      "license": "MIT",
      "dependencies": {
        "ee-first": "1.1.1"
      },
      "engines": {
        "node": ">= 0.8"
      }
    },
    "node_modules/body-parser/node_modules/on-finished/node_modules/ee-first": {
      "version": "1.1.1",
      "license": "MIT"
    },
    "node_modules/body-parser/node_modules/qs": {
      "version": "4.0.0",
      "license": "BSD-3-Clause"
    },
    "node_modules/body-parser/node_modules/raw-body": {
      "version": "2.1.2",
      "license": "MIT",
      "dependencies": {
        "bytes": "2.1.0",
        "iconv-lite": "0.4.11",
        "unpipe": "1.0.0"
      },
      "engines": {
        "node": ">= 0.8"
      }
    },
    "node_modules/body-parser/node_modules/raw-body/node_modules/unpipe": {
      "version": "1.0.0",
      "license": "MIT",
      "engines": {
        "node": ">= 0.8"
      }
    },
    "node_modules/body-parser/node_modules/type-is": {
      "version": "1.6.6",
      "license": "MIT",
      "dependencies": {
        "media-typer": "0.3.0",
        "mime-types": "~2.1.4"
      },
      "engines": {
        "node": ">= 0.6"
      }
    },
    "node_modules/body-parser/node_modules/type-is/node_modules/media-typer": {
      "version": "0.3.0",
      "license": "MIT",
      "engines": {
        "node": ">= 0.6"
      }
    },
    "node_modules/body-parser/node_modules/type-is/node_modules/mime-types": {
      "version": "2.1.4",
      "license": "MIT",
      "dependencies": {
        "mime-db": "~1.16.0"
      },
      "engines": {
        "node": ">= 0.6"
      }
    },
    "node_modules/body-parser/node_modules/type-is/node_modules/mime-types/node_modules/mime-db": {
      "version": "1.16.0",
      "license": "MIT",
      "engines": {
        "node": ">= 0.6"
      }
    },
    "node_modules/cookie-parser": {
      "version": "1.3.5",
      "license": "MIT",
      "dependencies": {
        "cookie": "0.1.3",
        "cookie-signature": "1.0.6"
      },
      "engines": {
        "node": ">= 0.8.0"
      }
    },
    "node_modules/cookie-parser/node_modules/cookie": {
      "version": "0.1.3",
      "license": "MIT",
      "engines": {
        "node": "*"
      }
    },
    "node_modules/cookie-parser/node_modules/cookie-signature": {
      "version": "1.0.6",
      "license": "MIT"
    },
    "node_modules/debug": {
      "version": "2.2.0",
      "license": "MIT",
      "dependencies": {
        "ms": "0.7.1"
      }
    },
    "node_modules/debug/node_modules/ms": {
      "version": "0.7.1"
    },
    "node_modules/ejs": {
      "version": "2.3.3",
      "license": "Apache-2.0",
      "engines": {
        "node": ">=0.10.0"
      }
    },
    "node_modules/enforce": {
      "version": "0.1.7",
      "resolved": "https://r2.cnpmjs.org/enforce/-/enforce-0.1.7.tgz",
      "integrity": "sha512-lB7tvh8+qEBlNVDUJvslr9e+HdVL+NRJ8IylxSzCYxEGrNjd28GqTD9valiyl9Pgxlon3tMRnd2yLe4Bsr7uuA==",
      "engines": {
        "node": "*"
      }
    },
    "node_modules/express": {
      "version": "4.13.3",
      "license": "MIT",
      "dependencies": {
        "accepts": "~1.2.12",
        "array-flatten": "1.1.1",
        "content-disposition": "0.5.0",
        "content-type": "~1.0.1",
        "cookie": "0.1.3",
        "cookie-signature": "1.0.6",
        "debug": "~2.2.0",
        "depd": "~1.0.1",
        "escape-html": "1.0.2",
        "etag": "~1.7.0",
        "finalhandler": "0.4.0",
        "fresh": "0.3.0",
        "merge-descriptors": "1.0.0",
        "methods": "~1.1.1",
        "on-finished": "~2.3.0",
        "parseurl": "~1.3.0",
        "path-to-regexp": "0.1.7",
        "proxy-addr": "~1.0.8",
        "qs": "4.0.0",
        "range-parser": "~1.0.2",
        "send": "0.13.0",
        "serve-static": "~1.10.0",
        "type-is": "~1.6.6",
        "utils-merge": "1.0.0",
        "vary": "~1.0.1"
      },
      "engines": {
        "node": ">= 0.10.0"
      }
    },
    "node_modules/express/node_modules/accepts": {
      "version": "1.2.12",
      "license": "MIT",
      "dependencies": {
        "mime-types": "~2.1.4",
        "negotiator": "0.5.3"
      },
      "engines": {
        "node": ">= 0.6"
      }
    },
    "node_modules/express/node_modules/accepts/node_modules/mime-types": {
      "version": "2.1.4",
      "license": "MIT",
      "dependencies": {
        "mime-db": "~1.16.0"
      },
      "engines": {
        "node": ">= 0.6"
      }
    },
    "node_modules/express/node_modules/accepts/node_modules/mime-types/node_modules/mime-db": {
      "version": "1.16.0",
      "license": "MIT",
      "engines": {
        "node": ">= 0.6"
      }
    },
    "node_modules/express/node_modules/accepts/node_modules/negotiator": {
      "version": "0.5.3",
      "license": "MIT",
      "engines": {
        "node": ">= 0.6"
      }
    },
    "node_modules/express/node_modules/array-flatten": {
      "version": "1.1.1",
      "license": "MIT"
    },
    "node_modules/express/node_modules/content-disposition": {
      "version": "0.5.0",
      "license": "MIT",
      "engines": {
        "node": ">= 0.6"
      }
    },
    "node_modules/express/node_modules/content-type": {
      "version": "1.0.1",
      "license": "MIT",
      "engines": {
        "node": ">= 0.6"
      }
    },
    "node_modules/express/node_modules/cookie": {
      "version": "0.1.3",
      "license": "MIT",
      "engines": {
        "node": "*"
      }
    },
    "node_modules/express/node_modules/cookie-signature": {
      "version": "1.0.6",
      "license": "MIT"
    },
    "node_modules/express/node_modules/depd": {
      "version": "1.0.1",
      "license": "MIT",
      "engines": {
        "node": ">= 0.6"
      }
    },
    "node_modules/express/node_modules/escape-html": {
      "version": "1.0.2",
      "license": "MIT"
    },
    "node_modules/express/node_modules/etag": {
      "version": "1.7.0",
      "license": "MIT",
      "engines": {
        "node": ">= 0.6"
      }
    },
    "node_modules/express/node_modules/finalhandler": {
      "version": "0.4.0",
      "license": "MIT",
      "dependencies": {
        "debug": "~2.2.0",
        "escape-html": "1.0.2",
        "on-finished": "~2.3.0",
        "unpipe": "~1.0.0"
      },
      "engines": {
        "node": ">= 0.8"
      }
    },
    "node_modules/express/node_modules/finalhandler/node_modules/unpipe": {
      "version": "1.0.0",
      "license": "MIT",
      "engines": {
        "node": ">= 0.8"
      }
    },
    "node_modules/express/node_modules/fresh": {
      "version": "0.3.0",
      "license": "MIT",
      "engines": {
        "node": ">= 0.6"
      }
    },
    "node_modules/express/node_modules/merge-descriptors": {
      "version": "1.0.0",
      "license": "MIT"
    },
    "node_modules/express/node_modules/methods": {
      "version": "1.1.1",
      "license": "MIT",
      "engines": {
        "node": ">= 0.6"
      }
    },
    "node_modules/express/node_modules/on-finished": {
      "version": "2.3.0",
      "license": "MIT",
      "dependencies": {
        "ee-first": "1.1.1"
      },
      "engines": {
        "node": ">= 0.8"
      }
    },
    "node_modules/express/node_modules/on-finished/node_modules/ee-first": {
      "version": "1.1.1",
      "license": "MIT"
    },
    "node_modules/express/node_modules/parseurl": {
      "version": "1.3.0",
      "license": "MIT"
    },
    "node_modules/express/node_modules/path-to-regexp": {
      "version": "0.1.7",
      "license": "MIT"
    },
    "node_modules/express/node_modules/proxy-addr": {
      "version": "1.0.8",
      "license": "MIT",
      "dependencies": {
        "forwarded": "~0.1.0",
        "ipaddr.js": "1.0.1"
      },
      "engines": {
        "node": ">= 0.6"
      }
    },
    "node_modules/express/node_modules/proxy-addr/node_modules/forwarded": {
      "version": "0.1.0",
      "license": "MIT",
      "engines": {
        "node": ">= 0.6"
      }
    },
    "node_modules/express/node_modules/proxy-addr/node_modules/ipaddr.js": {
      "version": "1.0.1",
      "license": "MIT",
      "engines": {
        "node": ">= 0.2.5"
      }
    },
    "node_modules/express/node_modules/qs": {
      "version": "4.0.0",
      "license": "BSD-3-Clause"
    },
    "node_modules/express/node_modules/range-parser": {
      "version": "1.0.2",
      "license": "MIT",
      "engines": {
        "node": ">= 0.6"
      }
    },
    "node_modules/express/node_modules/send": {
      "version": "0.13.0",
      "license": "MIT",
      "dependencies": {
        "debug": "~2.2.0",
        "depd": "~1.0.1",
        "destroy": "1.0.3",
        "escape-html": "1.0.2",
        "etag": "~1.7.0",
        "fresh": "0.3.0",
        "http-errors": "~1.3.1",
        "mime": "1.3.4",
        "ms": "0.7.1",
        "on-finished": "~2.3.0",
        "range-parser": "~1.0.2",
        "statuses": "~1.2.1"
      },
      "engines": {
        "node": ">= 0.8.0"
      }
    },
    "node_modules/express/node_modules/send/node_modules/destroy": {
      "version": "1.0.3",
      "license": "MIT"
    },
    "node_modules/express/node_modules/send/node_modules/http-errors": {
      "version": "1.3.1",
      "license": "MIT",
      "dependencies": {
        "inherits": "~2.0.1",
        "statuses": "1"
      },
      "engines": {
        "node": ">= 0.6"
      }
    },
    "node_modules/express/node_modules/send/node_modules/http-errors/node_modules/inherits": {
      "version": "2.0.1",
      "license": "ISC"
    },
    "node_modules/express/node_modules/send/node_modules/mime": {
      "version": "1.3.4",
      "bin": {
        "mime": "cli.js"
      }
    },
    "node_modules/express/node_modules/send/node_modules/ms": {
      "version": "0.7.1"
    },
    "node_modules/express/node_modules/send/node_modules/statuses": {
      "version": "1.2.1",
      "license": "MIT"
    },
    "node_modules/express/node_modules/serve-static": {
      "version": "1.10.0",
      "license": "MIT",
      "dependencies": {
        "escape-html": "1.0.2",
        "parseurl": "~1.3.0",
        "send": "0.13.0"
      },
      "engines": {
        "node": ">= 0.8.0"
      }
    },
    "node_modules/express/node_modules/type-is": {
      "version": "1.6.6",
      "license": "MIT",
      "dependencies": {
        "media-typer": "0.3.0",
        "mime-types": "~2.1.4"
      },
      "engines": {
        "node": ">= 0.6"
      }
    },
    "node_modules/express/node_modules/type-is/node_modules/media-typer": {
      "version": "0.3.0",
      "license": "MIT",
      "engines": {
        "node": ">= 0.6"
      }
    },
    "node_modules/express/node_modules/type-is/node_modules/mime-types": {
      "version": "2.1.4",
      "license": "MIT",
      "dependencies": {
        "mime-db": "~1.16.0"
      },
      "engines": {
        "node": ">= 0.6"
      }
    },
    "node_modules/express/node_modules/type-is/node_modules/mime-types/node_modules/mime-db": {
      "version": "1.16.0",
      "license": "MIT",
      "engines": {
        "node": ">= 0.6"
      }
    },
    "node_modules/express/node_modules/utils-merge": {
      "version": "1.0.0",
      "engines": {
        "node": ">= 0.4.0"
      }
    },
    "node_modules/express/node_modules/vary": {
      "version": "1.0.1",
      "license": "MIT",
      "engines": {
        "node": ">= 0.8"
      }
    },
    "node_modules/hat": {
      "version": "0.0.3",
      "resolved": "https://r2.cnpmjs.org/hat/-/hat-0.0.3.tgz",
      "integrity": "sha512-zpImx2GoKXy42fVDSEad2BPKuSQdLcqsCYa48K3zHSzM/ugWuYjLDr8IXxpVuL7uCLHw56eaiLxCRthhOzf5ug==",
      "engines": {
        "node": "*"
      }
    },
    "node_modules/imurmurhash": {
      "version": "0.1.4",
      "resolved": "https://r2.cnpmjs.org/imurmurhash/-/imurmurhash-0.1.4.tgz",
      "integrity": "sha512-JmXMZ6wuvDmLiHEml9ykzqO6lwFbof0GG4IkcGaENdCRDDmMVnny7s5HsIgHCbaq0w2MyPhDqkhTUgS2LU2PHA==",
      "engines": {
        "node": ">=0.8.19"
      }
    },
    "node_modules/lodash": {
      "version": "4.17.21",
      "resolved": "https://r2.cnpmjs.org/lodash/-/lodash-4.17.21.tgz",
      "integrity": "sha512-v2kDEe57lecTulaDIuNTPy3Ry4gLGJ6Z1O3vE1krgXZNrsQ+LFTGHVxVjcXPs17LhbZVGedAJv8XZ1tvj5FvSg=="
    },
    "node_modules/moment": {
      "version": "2.29.4",
      "resolved": "https://r.cnpmjs.org/moment/-/moment-2.29.4.tgz",
      "integrity": "sha512-5LC9SOxjSc2HF6vO2CyuTDNivEdoz2IvyJJGj6X8DJ0eFyfszE0QiEd+iXmBvUP3WHxSjFH/vIsA0EN00cgr8w==",
      "engines": {
        "node": "*"
      }
    },
    "node_modules/morgan": {
      "version": "1.6.1",
      "license": "MIT",
      "dependencies": {
        "basic-auth": "~1.0.3",
        "debug": "~2.2.0",
        "depd": "~1.0.1",
        "on-finished": "~2.3.0",
        "on-headers": "~1.0.0"
      },
      "engines": {
        "node": ">= 0.8.0"
      }
    },
    "node_modules/morgan/node_modules/basic-auth": {
      "version": "1.0.3",
      "license": "MIT",
      "engines": {
        "node": ">= 0.6"
      }
    },
    "node_modules/morgan/node_modules/depd": {
      "version": "1.0.1",
      "license": "MIT",
      "engines": {
        "node": ">= 0.6"
      }
    },
    "node_modules/morgan/node_modules/on-finished": {
      "version": "2.3.0",
      "license": "MIT",
      "dependencies": {
        "ee-first": "1.1.1"
      },
      "engines": {
        "node": ">= 0.8"
      }
    },
    "node_modules/morgan/node_modules/on-finished/node_modules/ee-first": {
      "version": "1.1.1",
      "license": "MIT"
    },
    "node_modules/morgan/node_modules/on-headers": {
      "version": "1.0.0",
      "license": "MIT",
      "engines": {
        "node": ">= 0.8.0"
      }
    },
    "node_modules/node-localstorage": {
      "version": "3.0.5",
      "resolved": "https://r.cnpmjs.org/node-localstorage/-/node-localstorage-3.0.5.tgz",
      "integrity": "sha512-GCwtK33iwVXboZWYcqQHu3aRvXEBwmPkAMRBLeaX86ufhqslyUkLGsi4aW3INEfdQYpUB5M9qtYf3eHvAk2VBg==",
      "dependencies": {
        "write-file-atomic": "^5.0.1"
      },
      "engines": {
        "node": ">=0.12"
      }
    },
    "node_modules/orm": {
      "version": "8.0.0",
      "resolved": "https://r.cnpmjs.org/orm/-/orm-8.0.0.tgz",
      "integrity": "sha512-Oh0oqEaiIpQxjYAvsU2aFTDNzgvVx/W0dinC2zQ8zCY+PT1CPYo2HQIewjW9IFfrVdYRsK+AKvbFWrLodlDz7g==",
      "dependencies": {
        "async": "~3.2.3",
        "bluebird": "3.5.1",
        "enforce": "0.1.7",
        "hat": "0.0.3",
        "lodash": "^4.17.21",
        "path-is-absolute": "1.0.1",
        "sql-ddl-sync": "0.3.18",
        "sql-query": "0.1.27"
      },
      "engines": {
        "node": ">= 6.0.0"
      }
    },
    "node_modules/path-is-absolute": {
      "version": "1.0.1",
      "resolved": "https://r2.cnpmjs.org/path-is-absolute/-/path-is-absolute-1.0.1.tgz",
      "integrity": "sha512-AVbw3UJ2e9bq64vSaS9Am0fje1Pa8pbGqTTsmXfaIiMpnr5DlDhfJOuLj9Sf95ZPVDAUerDfEk88MPmPe7UCQg==",
      "engines": {
        "node": ">=0.10.0"
      }
    },
    "node_modules/serve-favicon": {
      "version": "2.3.0",
      "license": "MIT",
      "dependencies": {
        "etag": "~1.7.0",
        "fresh": "0.3.0",
        "ms": "0.7.1",
        "parseurl": "~1.3.0"
      },
      "engines": {
        "node": ">= 0.8.0"
      }
    },
    "node_modules/serve-favicon/node_modules/etag": {
      "version": "1.7.0",
      "license": "MIT",
      "engines": {
        "node": ">= 0.6"
      }
    },
    "node_modules/serve-favicon/node_modules/fresh": {
      "version": "0.3.0",
      "license": "MIT",
      "engines": {
        "node": ">= 0.6"
      }
    },
    "node_modules/serve-favicon/node_modules/ms": {
      "version": "0.7.1"
    },
    "node_modules/serve-favicon/node_modules/parseurl": {
      "version": "1.3.0",
      "license": "MIT"
    },
    "node_modules/signal-exit": {
      "version": "4.1.0",
      "resolved": "https://r.cnpmjs.org/signal-exit/-/signal-exit-4.1.0.tgz",
      "integrity": "sha512-bzyZ1e88w9O1iNJbKnOlvYTrWPDl46O1bG0D3XInv+9tkPrxrN8jUUTiFlDkkmKWgn1M6CfIA13SuGqOa9Korw==",
      "engines": {
        "node": ">=14"
      }
    },
    "node_modules/sql-ddl-sync": {
      "version": "0.3.18",
      "resolved": "https://r.cnpmjs.org/sql-ddl-sync/-/sql-ddl-sync-0.3.18.tgz",
      "integrity": "sha512-KZ+7qa4MIIoZZWDzWijMGheMLPkn/58WHt9//UzF84P1XFqsJ4Xk5Xfg8LlWovFXhoi2SRynX1nRw7zXTV9Yig==",
      "dependencies": {
        "lodash": "~4.17.21"
      },
      "engines": {
        "node": "*"
      }
    },
    "node_modules/sql-query": {
      "version": "0.1.27",
      "resolved": "https://r2.cnpmjs.org/sql-query/-/sql-query-0.1.27.tgz",
      "integrity": "sha512-XXK6W6n0D18YspS/7TziKln8ij9RUnpDzl+qr2hUOqEqrhuilGPhbKBYQ1dkfYoQ0ViNtr2y8RKut06nkAkx2w==",
      "engines": {
        "node": "*"
      }
    },
    "node_modules/write-file-atomic": {
      "version": "5.0.1",
      "resolved": "https://r.cnpmjs.org/write-file-atomic/-/write-file-atomic-5.0.1.tgz",
      "integrity": "sha512-+QU2zd6OTD8XWIJCbffaiQeH9U73qIqafo1x6V1snCWYGJf6cVE0cDR4D8xRzcEnfI21IFrUPzPGtcPf8AC+Rw==",
      "dependencies": {
        "imurmurhash": "^0.1.4",
        "signal-exit": "^4.0.1"
      },
      "engines": {
        "node": "^14.17.0 || ^16.13.0 || >=18.0.0"
      }
    }
  }
}
